{
  "name": "test-npm",
  "version": "1.0.0",
  "lockfileVersion": 3,
  "requires": true,
  "packages": {
    "": {
      "name": "test-npm",
      "version": "1.0.0",
      "license": "ISC",
      "dependencies": {
        "guessit-js": "^1.0.0"
      }
    },
    "node_modules/guessit-js": {
      "version": "1.0.0",
      "resolved": "https://registry.npmjs.org/guessit-js/-/guessit-js-1.0.0.tgz",
      "integrity": "sha512-jF/RcA5SR7ytvaE+RgyXxp/bHX4rK41HC2nLU4jQxjBpTFL7w8f7Lf5ni0kuSDEge4y84oF7U8ZVz17vsl7PsQ==",
      "license": "LGPL-3.0",
      "bin": {
        "guessit-js": "examples/cli.js"
      },
      "engines": {
        "node": ">=14.0.0"
      }
    }
  }
}
